
Microsoft Visual Studio Solution File, Format Version 12.00
# Visual Studio Version 16
VisualStudioVersion = 16.0.29613.14
MinimumVisualStudioVersion = 10.0.40219.1
Project("{FAE04EC0-301F-11D3-BF4B-00C04F79EFBC}") = "ProcessorsLab1", "ProcessorsLab1\ProcessorsLab1.csproj", "{FCD8B959-1880-4957-A5C5-DF36882480BF}"
EndProject
Global
	GlobalSection(SolutionConfigurationPlatforms) = preSolution
		Debug|Any CPU = Debug|Any CPU
		Release|Any CPU = Release|Any CPU
	EndGlobalSection
	GlobalSection(ProjectConfigurationPlatforms) = postSolution
		{FCD8B959-1880-4957-A5C5-DF36882480BF}.Debug|Any CPU.ActiveCfg = Debug|Any CPU
		{FCD8B959-1880-4957-A5C5-DF36882480BF}.Debug|Any CPU.Build.0 = Debug|Any CPU
		{FCD8B959-1880-4957-A5C5-DF36882480BF}.Release|Any CPU.ActiveCfg = Release|Any CPU
		{FCD8B959-1880-4957-A5C5-DF36882480BF}.Release|Any CPU.Build.0 = Release|Any CPU
	EndGlobalSection
	GlobalSection(SolutionProperties) = preSolution
		HideSolutionNode = FALSE
	EndGlobalSection
	GlobalSection(ExtensibilityGlobals) = postSolution
		SolutionGuid = {70E992DE-99A1-4379-87F8-072FE3E8914A}
	EndGlobalSection
EndGlobal
